hash: 7d0f4346c3b06a4c001b2b29f3126b2da4743cf891590425159b7da58feb4c71
updated: 2017-11-12T18:11:45.881647635+09:00
imports:
- name: github.com/garyburd/redigo
  version: 47dc60e71eed504e3ef8e77ee3c6fe720f3be57f
- name: github.com/go-sql-driver/mysql
  version: a732e14c62dde3285440047bba97581bc472ae18
- name: github.com/jmoiron/sqlx
  version: 3379e5993990b1f927fc8db926485e6f6becf2d2
  subpackages:
  - reflectx
- name: goji.io
  version: e1741450ad80d2837134e32ac7b1d0a7a2b11c51
  subpackages:
  - internal
  - pat
  - pattern
- name: golang.org/x/net
  version: 0a9397675ba34b2845f758fe3cd68828369c6517
  subpackages:
  - context
testImports: []
